
Microsoft Visual Studio Solution File, Format Version 12.00
# Visual Studio Version 17
VisualStudioVersion = 17.0.32014.148
MinimumVisualStudioVersion = 10.0.40219.1
Project("{FAE04EC0-301F-11D3-BF4B-00C04F79EFBC}") = "Tugas 1.1", "Tugas 1.1.csproj", "{D932E639-E3F2-43E5-81FE-31BC61296DB4}"
EndProject
Global
	GlobalSection(SolutionConfigurationPlatforms) = preSolution
		Debug|Any CPU = Debug|Any CPU
		Release|Any CPU = Release|Any CPU
	EndGlobalSection
	GlobalSection(ProjectConfigurationPlatforms) = postSolution
		{D932E639-E3F2-43E5-81FE-31BC61296DB4}.Debug|Any CPU.ActiveCfg = Debug|Any CPU
		{D932E639-E3F2-43E5-81FE-31BC61296DB4}.Debug|Any CPU.Build.0 = Debug|Any CPU
		{D932E639-E3F2-43E5-81FE-31BC61296DB4}.Release|Any CPU.ActiveCfg = Release|Any CPU
		{D932E639-E3F2-43E5-81FE-31BC61296DB4}.Release|Any CPU.Build.0 = Release|Any CPU
	EndGlobalSection
	GlobalSection(SolutionProperties) = preSolution
		HideSolutionNode = FALSE
	EndGlobalSection
	GlobalSection(ExtensibilityGlobals) = postSolution
		SolutionGuid = {A912DA6B-666B-4040-B597-28902ADFE1BA}
	EndGlobalSection
EndGlobal
